{
    "version": 3,
    "terraform_version": "0.11.11",
    "serial": 19,
    "lineage": "1581003e-de62-be68-2cf2-c213e8dc938a",
    "modules": [
        {
            "path": [
                "root"
            ],
            "outputs": {},
            "resources": {
                "aws_key_pair.cluster_key": {
                    "type": "aws_key_pair",
                    "depends_on": [],
                    "primary": {
                        "id": "k8s-overpower-key",
                        "attributes": {
                            "fingerprint": "74:ce:3a:03:dc:38:ef:a0:cb:bc:94:e3:92:d9:4a:4a",
                            "id": "k8s-overpower-key",
                            "key_name": "k8s-overpower-key",
                            "public_key": "ssh-rsa AAAAB3NzaC1yc2EAAAADAQABAAABAQDYC3wJgOXEgh86VvpugPjftJdFE2PU2RUlyWkOijthglOOb8lhIV8rpTtWSIR73V4yo3xaLK2J4feGs+DyzNhKgWqrs3aQF+1+fk6TpN4fE8krTAc2rC/KZlA8N2nRCSJE1HkTNI+nYcqeofDcFU5/47Wea3tY7u84RRYcYiFidWPpsaeQ5Hy3XW2PwhkKqkzp98MlZUjOXTjj5i8sficovMZs8/15LspFcho2lwwaoZmyQCQftt/+8OwqjTQhV+iTqNqmyzwmtlyvQIzVJOL45QbxjMrpWYNlRT8E2x4dEET8ysVkZ1VRJv+5DvBOTHZ6seeHo/zgP3KI0xDNgat7 matheus@fidelis"
                        },
                        "meta": {
                            "schema_version": "1"
                        },
                        "tainted": false
                    },
                    "deposed": [],
                    "provider": "provider.aws"
                },
                "data.aws_caller_identity.current": {
                    "type": "aws_caller_identity",
                    "depends_on": [],
                    "primary": {
                        "id": "2019-03-24 22:14:25.215949 +0000 UTC",
                        "attributes": {
                            "account_id": "181560427716",
                            "arn": "arn:aws:iam::181560427716:user/raj-admin",
                            "id": "2019-03-24 22:14:25.215949 +0000 UTC",
                            "user_id": "AIDAIDVFX5OVWGOYPMV44"
                        },
                        "meta": {},
                        "tainted": false
                    },
                    "deposed": [],
                    "provider": "provider.aws"
                }
            },
            "depends_on": []
        },
        {
            "path": [
                "root",
                "cluster"
            ],
            "outputs": {},
            "resources": {
                "aws_instance.etcd-a": {
                    "type": "aws_instance",
                    "depends_on": [
                        "aws_security_group.etcd_sg"
                    ],
                    "primary": {
                        "id": "i-00f51ede8b2461590",
                        "attributes": {
                            "ami": "ami-0a313d6098716f372",
                            "arn": "arn:aws:ec2:us-east-1:181560427716:instance/i-00f51ede8b2461590",
                            "associate_public_ip_address": "true",
                            "availability_zone": "us-east-1a",
                            "cpu_core_count": "1",
                            "cpu_threads_per_core": "1",
                            "credit_specification.#": "1",
                            "credit_specification.0.cpu_credits": "standard",
                            "disable_api_termination": "false",
                            "ebs_block_device.#": "0",
                            "ebs_optimized": "false",
                            "ephemeral_block_device.#": "0",
                            "get_password_data": "false",
                            "iam_instance_profile": "",
                            "id": "i-00f51ede8b2461590",
                            "instance_state": "running",
                            "instance_type": "t2.micro",
                            "ipv6_addresses.#": "0",
                            "key_name": "k8s-overpower-key",
                            "monitoring": "false",
                            "network_interface.#": "0",
                            "password_data": "",
                            "placement_group": "",
                            "primary_network_interface_id": "eni-05c3b7c5dbbe7160f",
                            "private_dns": "ip-12-0-7-205.ec2.internal",
                            "private_ip": "12.0.7.205",
                            "public_dns": "ec2-54-242-136-202.compute-1.amazonaws.com",
                            "public_ip": "54.242.136.202",
                            "root_block_device.#": "1",
                            "root_block_device.0.delete_on_termination": "true",
                            "root_block_device.0.iops": "100",
                            "root_block_device.0.volume_id": "vol-0c3d5c56b3b7eea3c",
                            "root_block_device.0.volume_size": "8",
                            "root_block_device.0.volume_type": "gp2",
                            "security_groups.#": "0",
                            "source_dest_check": "true",
                            "subnet_id": "subnet-06b53d32f618d4e35",
                            "tags.%": "3",
                            "tags.Name": "k8s-overpower-master",
                            "tags.Role": "master",
                            "tags.Workload": "kubernetes",
                            "tenancy": "default",
                            "volume_tags.%": "0",
                            "vpc_security_group_ids.#": "1",
                            "vpc_security_group_ids.3966680560": "sg-090df811cfebdbfec"
                        },
                        "meta": {
                            "e2bfb730-ecaa-11e6-8f88-34363bc7c4c0": {
                                "create": 600000000000,
                                "delete": 1200000000000,
                                "update": 600000000000
                            },
                            "schema_version": "1"
                        },
                        "tainted": false
                    },
                    "deposed": [],
                    "provider": "provider.aws"
                },
                "aws_instance.etcd-b": {
                    "type": "aws_instance",
                    "depends_on": [
                        "aws_security_group.etcd_sg"
                    ],
                    "primary": {
                        "id": "i-0db4d102d249a1a6b",
                        "attributes": {
                            "ami": "ami-0a313d6098716f372",
                            "arn": "arn:aws:ec2:us-east-1:181560427716:instance/i-0db4d102d249a1a6b",
                            "associate_public_ip_address": "true",
                            "availability_zone": "us-east-1b",
                            "cpu_core_count": "1",
                            "cpu_threads_per_core": "1",
                            "credit_specification.#": "1",
                            "credit_specification.0.cpu_credits": "standard",
                            "disable_api_termination": "false",
                            "ebs_block_device.#": "0",
                            "ebs_optimized": "false",
                            "ephemeral_block_device.#": "0",
                            "get_password_data": "false",
                            "iam_instance_profile": "",
                            "id": "i-0db4d102d249a1a6b",
                            "instance_state": "running",
                            "instance_type": "t2.micro",
                            "ipv6_addresses.#": "0",
                            "key_name": "k8s-overpower-key",
                            "monitoring": "false",
                            "network_interface.#": "0",
                            "password_data": "",
                            "placement_group": "",
                            "primary_network_interface_id": "eni-0d57a70bc1efc4d17",
                            "private_dns": "ip-12-0-19-192.ec2.internal",
                            "private_ip": "12.0.19.192",
                            "public_dns": "ec2-34-236-242-200.compute-1.amazonaws.com",
                            "public_ip": "34.236.242.200",
                            "root_block_device.#": "1",
                            "root_block_device.0.delete_on_termination": "true",
                            "root_block_device.0.iops": "100",
                            "root_block_device.0.volume_id": "vol-02324e3ba31cb03c4",
                            "root_block_device.0.volume_size": "8",
                            "root_block_device.0.volume_type": "gp2",
                            "security_groups.#": "0",
                            "source_dest_check": "true",
                            "subnet_id": "subnet-01b0361f338b88a00",
                            "tags.%": "3",
                            "tags.Name": "k8s-overpower-master",
                            "tags.Role": "master",
                            "tags.Workload": "kubernetes",
                            "tenancy": "default",
                            "volume_tags.%": "0",
                            "vpc_security_group_ids.#": "1",
                            "vpc_security_group_ids.3966680560": "sg-090df811cfebdbfec"
                        },
                        "meta": {
                            "e2bfb730-ecaa-11e6-8f88-34363bc7c4c0": {
                                "create": 600000000000,
                                "delete": 1200000000000,
                                "update": 600000000000
                            },
                            "schema_version": "1"
                        },
                        "tainted": false
                    },
                    "deposed": [],
                    "provider": "provider.aws"
                },
                "aws_instance.nodes-a": {
                    "type": "aws_instance",
                    "depends_on": [
                        "aws_security_group.nodes_sg"
                    ],
                    "primary": {
                        "id": "i-0f0fdb4acca4b28e3",
                        "attributes": {
                            "ami": "ami-0a313d6098716f372",
                            "arn": "arn:aws:ec2:us-east-1:181560427716:instance/i-0f0fdb4acca4b28e3",
                            "associate_public_ip_address": "true",
                            "availability_zone": "us-east-1a",
                            "cpu_core_count": "1",
                            "cpu_threads_per_core": "1",
                            "credit_specification.#": "1",
                            "credit_specification.0.cpu_credits": "standard",
                            "disable_api_termination": "false",
                            "ebs_block_device.#": "0",
                            "ebs_optimized": "false",
                            "ephemeral_block_device.#": "0",
                            "get_password_data": "false",
                            "iam_instance_profile": "",
                            "id": "i-0f0fdb4acca4b28e3",
                            "instance_state": "running",
                            "instance_type": "t2.micro",
                            "ipv6_addresses.#": "0",
                            "key_name": "k8s-overpower-key",
                            "monitoring": "false",
                            "network_interface.#": "0",
                            "password_data": "",
                            "placement_group": "",
                            "primary_network_interface_id": "eni-06dc773006e594157",
                            "private_dns": "ip-12-0-8-190.ec2.internal",
                            "private_ip": "12.0.8.190",
                            "public_dns": "ec2-54-165-68-37.compute-1.amazonaws.com",
                            "public_ip": "54.165.68.37",
                            "root_block_device.#": "1",
                            "root_block_device.0.delete_on_termination": "true",
                            "root_block_device.0.iops": "100",
                            "root_block_device.0.volume_id": "vol-02177bddebb526266",
                            "root_block_device.0.volume_size": "8",
                            "root_block_device.0.volume_type": "gp2",
                            "security_groups.#": "0",
                            "source_dest_check": "true",
                            "subnet_id": "subnet-06b53d32f618d4e35",
                            "tags.%": "3",
                            "tags.Name": "k8s-overpower-node",
                            "tags.Role": "node",
                            "tags.Workload": "kubernetes",
                            "tenancy": "default",
                            "volume_tags.%": "0",
                            "vpc_security_group_ids.#": "1",
                            "vpc_security_group_ids.2503676410": "sg-02327164ef19e79a3"
                        },
                        "meta": {
                            "e2bfb730-ecaa-11e6-8f88-34363bc7c4c0": {
                                "create": 600000000000,
                                "delete": 1200000000000,
                                "update": 600000000000
                            },
                            "schema_version": "1"
                        },
                        "tainted": false
                    },
                    "deposed": [],
                    "provider": "provider.aws"
                },
                "aws_instance.nodes-b": {
                    "type": "aws_instance",
                    "depends_on": [
                        "aws_security_group.nodes_sg"
                    ],
                    "primary": {
                        "id": "i-0a16cbe3dc5d31c93",
                        "attributes": {
                            "ami": "ami-0a313d6098716f372",
                            "arn": "arn:aws:ec2:us-east-1:181560427716:instance/i-0a16cbe3dc5d31c93",
                            "associate_public_ip_address": "true",
                            "availability_zone": "us-east-1b",
                            "cpu_core_count": "1",
                            "cpu_threads_per_core": "1",
                            "credit_specification.#": "1",
                            "credit_specification.0.cpu_credits": "standard",
                            "disable_api_termination": "false",
                            "ebs_block_device.#": "0",
                            "ebs_optimized": "false",
                            "ephemeral_block_device.#": "0",
                            "get_password_data": "false",
                            "iam_instance_profile": "",
                            "id": "i-0a16cbe3dc5d31c93",
                            "instance_state": "running",
                            "instance_type": "t2.micro",
                            "ipv6_addresses.#": "0",
                            "key_name": "k8s-overpower-key",
                            "monitoring": "false",
                            "network_interface.#": "0",
                            "password_data": "",
                            "placement_group": "",
                            "primary_network_interface_id": "eni-078b03f36df6e8e60",
                            "private_dns": "ip-12-0-23-131.ec2.internal",
                            "private_ip": "12.0.23.131",
                            "public_dns": "ec2-34-205-45-97.compute-1.amazonaws.com",
                            "public_ip": "34.205.45.97",
                            "root_block_device.#": "1",
                            "root_block_device.0.delete_on_termination": "true",
                            "root_block_device.0.iops": "100",
                            "root_block_device.0.volume_id": "vol-020ce9c96d66ecc69",
                            "root_block_device.0.volume_size": "8",
                            "root_block_device.0.volume_type": "gp2",
                            "security_groups.#": "0",
                            "source_dest_check": "true",
                            "subnet_id": "subnet-01b0361f338b88a00",
                            "tags.%": "3",
                            "tags.Name": "k8s-overpower-node",
                            "tags.Role": "node",
                            "tags.Workload": "kubernetes",
                            "tenancy": "default",
                            "volume_tags.%": "0",
                            "vpc_security_group_ids.#": "1",
                            "vpc_security_group_ids.2503676410": "sg-02327164ef19e79a3"
                        },
                        "meta": {
                            "e2bfb730-ecaa-11e6-8f88-34363bc7c4c0": {
                                "create": 600000000000,
                                "delete": 1200000000000,
                                "update": 600000000000
                            },
                            "schema_version": "1"
                        },
                        "tainted": false
                    },
                    "deposed": [],
                    "provider": "provider.aws"
                },
                "aws_security_group.etcd_sg": {
                    "type": "aws_security_group",
                    "depends_on": [],
                    "primary": {
                        "id": "sg-090df811cfebdbfec",
                        "attributes": {
                            "arn": "arn:aws:ec2:us-east-1:181560427716:security-group/sg-090df811cfebdbfec",
                            "description": "k8s-overpower cluster",
                            "egress.#": "1",
                            "egress.482069346.cidr_blocks.#": "1",
                            "egress.482069346.cidr_blocks.0": "0.0.0.0/0",
                            "egress.482069346.description": "",
                            "egress.482069346.from_port": "0",
                            "egress.482069346.ipv6_cidr_blocks.#": "0",
                            "egress.482069346.prefix_list_ids.#": "0",
                            "egress.482069346.protocol": "-1",
                            "egress.482069346.security_groups.#": "0",
                            "egress.482069346.self": "false",
                            "egress.482069346.to_port": "0",
                            "id": "sg-090df811cfebdbfec",
                            "ingress.#": "2",
                            "ingress.2541437006.cidr_blocks.#": "1",
                            "ingress.2541437006.cidr_blocks.0": "0.0.0.0/0",
                            "ingress.2541437006.description": "",
                            "ingress.2541437006.from_port": "22",
                            "ingress.2541437006.ipv6_cidr_blocks.#": "0",
                            "ingress.2541437006.prefix_list_ids.#": "0",
                            "ingress.2541437006.protocol": "tcp",
                            "ingress.2541437006.security_groups.#": "0",
                            "ingress.2541437006.self": "false",
                            "ingress.2541437006.to_port": "22",
                            "ingress.3068409405.cidr_blocks.#": "1",
                            "ingress.3068409405.cidr_blocks.0": "0.0.0.0/0",
                            "ingress.3068409405.description": "",
                            "ingress.3068409405.from_port": "8",
                            "ingress.3068409405.ipv6_cidr_blocks.#": "0",
                            "ingress.3068409405.prefix_list_ids.#": "0",
                            "ingress.3068409405.protocol": "icmp",
                            "ingress.3068409405.security_groups.#": "0",
                            "ingress.3068409405.self": "false",
                            "ingress.3068409405.to_port": "0",
                            "name": "k8s-overpower-etcd-sg",
                            "owner_id": "181560427716",
                            "revoke_rules_on_delete": "false",
                            "tags.%": "1",
                            "tags.Name": "k8s-overpower-etcd-sg",
                            "vpc_id": "vpc-05a7db992212ddd13"
                        },
                        "meta": {
                            "e2bfb730-ecaa-11e6-8f88-34363bc7c4c0": {
                                "create": 600000000000,
                                "delete": 600000000000
                            },
                            "schema_version": "1"
                        },
                        "tainted": false
                    },
                    "deposed": [],
                    "provider": "provider.aws"
                },
                "aws_security_group.nodes_sg": {
                    "type": "aws_security_group",
                    "depends_on": [],
                    "primary": {
                        "id": "sg-02327164ef19e79a3",
                        "attributes": {
                            "arn": "arn:aws:ec2:us-east-1:181560427716:security-group/sg-02327164ef19e79a3",
                            "description": "k8s-overpower cluster",
                            "egress.#": "1",
                            "egress.482069346.cidr_blocks.#": "1",
                            "egress.482069346.cidr_blocks.0": "0.0.0.0/0",
                            "egress.482069346.description": "",
                            "egress.482069346.from_port": "0",
                            "egress.482069346.ipv6_cidr_blocks.#": "0",
                            "egress.482069346.prefix_list_ids.#": "0",
                            "egress.482069346.protocol": "-1",
                            "egress.482069346.security_groups.#": "0",
                            "egress.482069346.self": "false",
                            "egress.482069346.to_port": "0",
                            "id": "sg-02327164ef19e79a3",
                            "ingress.#": "2",
                            "ingress.2541437006.cidr_blocks.#": "1",
                            "ingress.2541437006.cidr_blocks.0": "0.0.0.0/0",
                            "ingress.2541437006.description": "",
                            "ingress.2541437006.from_port": "22",
                            "ingress.2541437006.ipv6_cidr_blocks.#": "0",
                            "ingress.2541437006.prefix_list_ids.#": "0",
                            "ingress.2541437006.protocol": "tcp",
                            "ingress.2541437006.security_groups.#": "0",
                            "ingress.2541437006.self": "false",
                            "ingress.2541437006.to_port": "22",
                            "ingress.3068409405.cidr_blocks.#": "1",
                            "ingress.3068409405.cidr_blocks.0": "0.0.0.0/0",
                            "ingress.3068409405.description": "",
                            "ingress.3068409405.from_port": "8",
                            "ingress.3068409405.ipv6_cidr_blocks.#": "0",
                            "ingress.3068409405.prefix_list_ids.#": "0",
                            "ingress.3068409405.protocol": "icmp",
                            "ingress.3068409405.security_groups.#": "0",
                            "ingress.3068409405.self": "false",
                            "ingress.3068409405.to_port": "0",
                            "name": "k8s-overpower-nodes-sg",
                            "owner_id": "181560427716",
                            "revoke_rules_on_delete": "false",
                            "tags.%": "1",
                            "tags.Name": "k8s-overpower-nodes-sg",
                            "vpc_id": "vpc-05a7db992212ddd13"
                        },
                        "meta": {
                            "e2bfb730-ecaa-11e6-8f88-34363bc7c4c0": {
                                "create": 600000000000,
                                "delete": 600000000000
                            },
                            "schema_version": "1"
                        },
                        "tainted": false
                    },
                    "deposed": [],
                    "provider": "provider.aws"
                }
            },
            "depends_on": []
        },
        {
            "path": [
                "root",
                "vpc"
            ],
            "outputs": {
                "public_subnet_1a": {
                    "sensitive": false,
                    "type": "string",
                    "value": "subnet-06b53d32f618d4e35"
                },
                "public_subnet_1b": {
                    "sensitive": false,
                    "type": "string",
                    "value": "subnet-01b0361f338b88a00"
                },
                "vpc_id": {
                    "sensitive": false,
                    "type": "string",
                    "value": "vpc-05a7db992212ddd13"
                }
            },
            "resources": {
                "aws_internet_gateway.gw": {
                    "type": "aws_internet_gateway",
                    "depends_on": [
                        "aws_vpc.cluster_vpc"
                    ],
                    "primary": {
                        "id": "igw-037e93e3c856f080b",
                        "attributes": {
                            "id": "igw-037e93e3c856f080b",
                            "owner_id": "181560427716",
                            "tags.%": "1",
                            "tags.Name": "k8s-overpower-internet-gateway",
                            "vpc_id": "vpc-05a7db992212ddd13"
                        },
                        "meta": {},
                        "tainted": false
                    },
                    "deposed": [],
                    "provider": "provider.aws"
                },
                "aws_route.internet_access": {
                    "type": "aws_route",
                    "depends_on": [
                        "aws_internet_gateway.gw",
                        "aws_vpc.cluster_vpc"
                    ],
                    "primary": {
                        "id": "r-rtb-0095e95690fe6cc141080289494",
                        "attributes": {
                            "destination_cidr_block": "0.0.0.0/0",
                            "destination_prefix_list_id": "",
                            "egress_only_gateway_id": "",
                            "gateway_id": "igw-037e93e3c856f080b",
                            "id": "r-rtb-0095e95690fe6cc141080289494",
                            "instance_id": "",
                            "instance_owner_id": "",
                            "nat_gateway_id": "",
                            "network_interface_id": "",
                            "origin": "CreateRoute",
                            "route_table_id": "rtb-0095e95690fe6cc14",
                            "state": "active",
                            "transit_gateway_id": "",
                            "vpc_peering_connection_id": ""
                        },
                        "meta": {
                            "e2bfb730-ecaa-11e6-8f88-34363bc7c4c0": {
                                "create": 120000000000,
                                "delete": 300000000000
                            }
                        },
                        "tainted": false
                    },
                    "deposed": [],
                    "provider": "provider.aws"
                },
                "aws_route_table_association.public_subnet_cluster_1a_association": {
                    "type": "aws_route_table_association",
                    "depends_on": [
                        "aws_subnet.public_subnet_cluster_1a",
                        "aws_vpc.cluster_vpc"
                    ],
                    "primary": {
                        "id": "rtbassoc-08e2efcb07c5ede45",
                        "attributes": {
                            "id": "rtbassoc-08e2efcb07c5ede45",
                            "route_table_id": "rtb-0095e95690fe6cc14",
                            "subnet_id": "subnet-06b53d32f618d4e35"
                        },
                        "meta": {},
                        "tainted": false
                    },
                    "deposed": [],
                    "provider": "provider.aws"
                },
                "aws_route_table_association.public_subnet_cluster_1b_association": {
                    "type": "aws_route_table_association",
                    "depends_on": [
                        "aws_subnet.public_subnet_cluster_1b",
                        "aws_vpc.cluster_vpc"
                    ],
                    "primary": {
                        "id": "rtbassoc-01663a48ab9c23a6e",
                        "attributes": {
                            "id": "rtbassoc-01663a48ab9c23a6e",
                            "route_table_id": "rtb-0095e95690fe6cc14",
                            "subnet_id": "subnet-01b0361f338b88a00"
                        },
                        "meta": {},
                        "tainted": false
                    },
                    "deposed": [],
                    "provider": "provider.aws"
                },
                "aws_subnet.private_subnet_cluster_1a": {
                    "type": "aws_subnet",
                    "depends_on": [
                        "aws_vpc.cluster_vpc"
                    ],
                    "primary": {
                        "id": "subnet-0f2f319c64a43fed9",
                        "attributes": {
                            "arn": "arn:aws:ec2:us-east-1:181560427716:subnet/subnet-0f2f319c64a43fed9",
                            "assign_ipv6_address_on_creation": "false",
                            "availability_zone": "us-east-1a",
                            "availability_zone_id": "use1-az6",
                            "cidr_block": "12.0.32.0/20",
                            "id": "subnet-0f2f319c64a43fed9",
                            "ipv6_cidr_block": "",
                            "ipv6_cidr_block_association_id": "",
                            "map_public_ip_on_launch": "false",
                            "owner_id": "181560427716",
                            "tags.%": "1",
                            "tags.Name": "k8s-overpower-private-subnet-1a",
                            "vpc_id": "vpc-05a7db992212ddd13"
                        },
                        "meta": {
                            "e2bfb730-ecaa-11e6-8f88-34363bc7c4c0": {
                                "create": 600000000000,
                                "delete": 600000000000
                            },
                            "schema_version": "1"
                        },
                        "tainted": false
                    },
                    "deposed": [],
                    "provider": "provider.aws"
                },
                "aws_subnet.private_subnet_cluster_1b": {
                    "type": "aws_subnet",
                    "depends_on": [
                        "aws_vpc.cluster_vpc"
                    ],
                    "primary": {
                        "id": "subnet-055662e5779c09f51",
                        "attributes": {
                            "arn": "arn:aws:ec2:us-east-1:181560427716:subnet/subnet-055662e5779c09f51",
                            "assign_ipv6_address_on_creation": "false",
                            "availability_zone": "us-east-1b",
                            "availability_zone_id": "use1-az1",
                            "cidr_block": "12.0.48.0/20",
                            "id": "subnet-055662e5779c09f51",
                            "ipv6_cidr_block": "",
                            "ipv6_cidr_block_association_id": "",
                            "map_public_ip_on_launch": "false",
                            "owner_id": "181560427716",
                            "tags.%": "1",
                            "tags.Name": "k8s-overpower-private-subnet-1b",
                            "vpc_id": "vpc-05a7db992212ddd13"
                        },
                        "meta": {
                            "e2bfb730-ecaa-11e6-8f88-34363bc7c4c0": {
                                "create": 600000000000,
                                "delete": 600000000000
                            },
                            "schema_version": "1"
                        },
                        "tainted": false
                    },
                    "deposed": [],
                    "provider": "provider.aws"
                },
                "aws_subnet.public_subnet_cluster_1a": {
                    "type": "aws_subnet",
                    "depends_on": [
                        "aws_vpc.cluster_vpc"
                    ],
                    "primary": {
                        "id": "subnet-06b53d32f618d4e35",
                        "attributes": {
                            "arn": "arn:aws:ec2:us-east-1:181560427716:subnet/subnet-06b53d32f618d4e35",
                            "assign_ipv6_address_on_creation": "false",
                            "availability_zone": "us-east-1a",
                            "availability_zone_id": "use1-az6",
                            "cidr_block": "12.0.0.0/20",
                            "id": "subnet-06b53d32f618d4e35",
                            "ipv6_cidr_block": "",
                            "ipv6_cidr_block_association_id": "",
                            "map_public_ip_on_launch": "true",
                            "owner_id": "181560427716",
                            "tags.%": "3",
                            "tags.Name": "k8s-overpower-public-subnet-1a",
                            "tags.Tier": "public",
                            "tags.Workload": "k8s",
                            "vpc_id": "vpc-05a7db992212ddd13"
                        },
                        "meta": {
                            "e2bfb730-ecaa-11e6-8f88-34363bc7c4c0": {
                                "create": 600000000000,
                                "delete": 600000000000
                            },
                            "schema_version": "1"
                        },
                        "tainted": false
                    },
                    "deposed": [],
                    "provider": "provider.aws"
                },
                "aws_subnet.public_subnet_cluster_1b": {
                    "type": "aws_subnet",
                    "depends_on": [
                        "aws_vpc.cluster_vpc"
                    ],
                    "primary": {
                        "id": "subnet-01b0361f338b88a00",
                        "attributes": {
                            "arn": "arn:aws:ec2:us-east-1:181560427716:subnet/subnet-01b0361f338b88a00",
                            "assign_ipv6_address_on_creation": "false",
                            "availability_zone": "us-east-1b",
                            "availability_zone_id": "use1-az1",
                            "cidr_block": "12.0.16.0/20",
                            "id": "subnet-01b0361f338b88a00",
                            "ipv6_cidr_block": "",
                            "ipv6_cidr_block_association_id": "",
                            "map_public_ip_on_launch": "true",
                            "owner_id": "181560427716",
                            "tags.%": "3",
                            "tags.Name": "k8s-overpower-public-subnet-1b",
                            "tags.Tier": "public",
                            "tags.Workload": "k8s",
                            "vpc_id": "vpc-05a7db992212ddd13"
                        },
                        "meta": {
                            "e2bfb730-ecaa-11e6-8f88-34363bc7c4c0": {
                                "create": 600000000000,
                                "delete": 600000000000
                            },
                            "schema_version": "1"
                        },
                        "tainted": false
                    },
                    "deposed": [],
                    "provider": "provider.aws"
                },
                "aws_vpc.cluster_vpc": {
                    "type": "aws_vpc",
                    "depends_on": [],
                    "primary": {
                        "id": "vpc-05a7db992212ddd13",
                        "attributes": {
                            "arn": "arn:aws:ec2:us-east-1:181560427716:vpc/vpc-05a7db992212ddd13",
                            "assign_generated_ipv6_cidr_block": "false",
                            "cidr_block": "12.0.0.0/16",
                            "default_network_acl_id": "acl-034a2de34d6f765e4",
                            "default_route_table_id": "rtb-0095e95690fe6cc14",
                            "default_security_group_id": "sg-063de4bcbea30a842",
                            "dhcp_options_id": "dopt-081ea773",
                            "enable_classiclink": "false",
                            "enable_classiclink_dns_support": "false",
                            "enable_dns_hostnames": "true",
                            "enable_dns_support": "true",
                            "id": "vpc-05a7db992212ddd13",
                            "instance_tenancy": "default",
                            "ipv6_association_id": "",
                            "ipv6_cidr_block": "",
                            "main_route_table_id": "rtb-0095e95690fe6cc14",
                            "owner_id": "181560427716",
                            "tags.%": "1",
                            "tags.Name": "k8s-overpower-vpc"
                        },
                        "meta": {
                            "schema_version": "1"
                        },
                        "tainted": false
                    },
                    "deposed": [],
                    "provider": "provider.aws"
                }
            },
            "depends_on": []
        }
    ]
}
